// !$*UTF8*$!
{
	archiveVersion = 1;
	classes = {
	};
	objectVersion = 46;
	objects = {

/* Begin PBXBuildFile section */
		5C0F21251CAC6B9E00A01225 /* HowToExtendAPARCObject.c in Sources */ = {isa = PBXBuildFile; fileRef = 5C0F21241CAC6B9E00A01225 /* HowToExtendAPARCObject.c */; };
/* End PBXBuildFile section */

/* Begin PBXCopyFilesBuildPhase section */
		5C0F21161CAB23A400A01225 /* CopyFiles */ = {
			isa = PBXCopyFilesBuildPhase;
			buildActionMask = 2147483647;
			dstPath = /usr/share/man/man1/;
			dstSubfolderSpec = 0;
			files = (
			);
			runOnlyForDeploymentPostprocessing = 1;
		};
/* End PBXCopyFilesBuildPhase section */

/* Begin PBXFileReference section */
		5C0F21181CAB23A400A01225 /* How To Extend a PARCObject */ = {isa = PBXFileReference; explicitFileType = "compiled.mach-o.executable"; includeInIndex = 0; path = "How To Extend a PARCObject"; sourceTree = BUILT_PRODUCTS_DIR; };
		5C0F21241CAC6B9E00A01225 /* HowToExtendAPARCObject.c */ = {isa = PBXFileReference; fileEncoding = 4; lastKnownFileType = sourcecode.c.c; path = HowToExtendAPARCObject.c; sourceTree = "<group>"; };
/* End PBXFileReference section */

/* Begin PBXFrameworksBuildPhase section */
		5C0F21151CAB23A400A01225 /* Frameworks */ = {
			isa = PBXFrameworksBuildPhase;
			buildActionMask = 2147483647;
			files = (
			);
			runOnlyForDeploymentPostprocessing = 0;
		};
/* End PBXFrameworksBuildPhase section */

/* Begin PBXGroup section */
		5C0F210F1CAB23A400A01225 = {
			isa = PBXGroup;
			children = (
				5C0F21241CAC6B9E00A01225 /* HowToExtendAPARCObject.c */,
				5C0F21191CAB23A400A01225 /* Products */,
			);
			sourceTree = "<group>";
		};
		5C0F21191CAB23A400A01225 /* Products */ = {
			isa = PBXGroup;
			children = (
				5C0F21181CAB23A400A01225 /* How To Extend a PARCObject */,
			);
			name = Products;
			sourceTree = "<group>";
		};
/* End PBXGroup section */

/* Begin PBXNativeTarget section */
		5C0F21171CAB23A400A01225 /* How To Extend a PARCObject */ = {
			isa = PBXNativeTarget;
			buildConfigurationList = 5C0F211F1CAB23A500A01225 /* Build configuration list for PBXNativeTarget "How To Extend a PARCObject" */;
			buildPhases = (
				5C0F21141CAB23A400A01225 /* Sources */,
				5C0F21151CAB23A400A01225 /* Frameworks */,
				5C0F21161CAB23A400A01225 /* CopyFiles */,
			);
			buildRules = (
			);
			dependencies = (
			);
			name = "How To Extend a PARCObject";
			productName = "How To Extend a PARCObject";
			productReference = 5C0F21181CAB23A400A01225 /* How To Extend a PARCObject */;
			productType = "com.apple.product-type.tool";
		};
/* End PBXNativeTarget section */

/* Begin PBXProject section */
		5C0F21101CAB23A400A01225 /* Project object */ = {
			isa = PBXProject;
			attributes = {
				LastUpgradeCheck = 0730;
				ORGANIZATIONNAME = CSL;
				TargetAttributes = {
					5C0F21171CAB23A400A01225 = {
						CreatedOnToolsVersion = 7.3;
					};
				};
			};
			buildConfigurationList = 5C0F21131CAB23A400A01225 /* Build configuration list for PBXProject "How To Extend a PARCObject" */;
			compatibilityVersion = "Xcode 3.2";
			developmentRegion = English;
			hasScannedForEncodings = 0;
			knownRegions = (
				en,
			);
			mainGroup = 5C0F210F1CAB23A400A01225;
			productRefGroup = 5C0F21191CAB23A400A01225 /* Products */;
			projectDirPath = "";
			projectRoot = "";
			targets = (
				5C0F21171CAB23A400A01225 /* How To Extend a PARCObject */,
			);
		};
/* End PBXProject section */

/* Begin PBXSourcesBuildPhase section */
		5C0F21141CAB23A400A01225 /* Sources */ = {
			isa = PBXSourcesBuildPhase;
			buildActionMask = 2147483647;
			files = (
				5C0F21251CAC6B9E00A01225 /* HowToExtendAPARCObject.c in Sources */,
			);
			runOnlyForDeploymentPostprocessing = 0;
		};
/* End PBXSourcesBuildPhase section */

/* Begin XCBuildConfiguration section */
		5C0F211D1CAB23A500A01225 /* Debug */ = {
			isa = XCBuildConfiguration;
			buildSettings = {
				ALWAYS_SEARCH_USER_PATHS = NO;
				CLANG_ANALYZER_NONNULL = YES;
				CLANG_CXX_LANGUAGE_STANDARD = "gnu++0x";
				CLANG_CXX_LIBRARY = "libc++";
				CLANG_ENABLE_MODULES = YES;
				CLANG_ENABLE_OBJC_ARC = YES;
				CLANG_WARN_BOOL_CONVERSION = YES;
				CLANG_WARN_CONSTANT_CONVERSION = YES;
				CLANG_WARN_DIRECT_OBJC_ISA_USAGE = YES_ERROR;
				CLANG_WARN_EMPTY_BODY = YES;
				CLANG_WARN_ENUM_CONVERSION = YES;
				CLANG_WARN_INT_CONVERSION = YES;
				CLANG_WARN_OBJC_ROOT_CLASS = YES_ERROR;
				CLANG_WARN_UNREACHABLE_CODE = YES;
				CLANG_WARN__DUPLICATE_METHOD_MATCH = YES;
				CODE_SIGN_IDENTITY = "-";
				COPY_PHASE_STRIP = NO;
				DEBUG_INFORMATION_FORMAT = dwarf;
				ENABLE_STRICT_OBJC_MSGSEND = YES;
				ENABLE_TESTABILITY = YES;
				GCC_C_LANGUAGE_STANDARD = gnu99;
				GCC_DYNAMIC_NO_PIC = NO;
				GCC_NO_COMMON_BLOCKS = YES;
				GCC_OPTIMIZATION_LEVEL = 0;
				GCC_PREPROCESSOR_DEFINITIONS = (
					"DEBUG=1",
					"$(inherited)",
				);
				GCC_WARN_64_TO_32_BIT_CONVERSION = YES;
				GCC_WARN_ABOUT_RETURN_TYPE = YES_ERROR;
				GCC_WARN_UNDECLARED_SELECTOR = YES;
				GCC_WARN_UNINITIALIZED_AUTOS = YES_AGGRESSIVE;
				GCC_WARN_UNUSED_FUNCTION = YES;
				GCC_WARN_UNUSED_VARIABLE = YES;
				MACOSX_DEPLOYMENT_TARGET = 10.11;
				MTL_ENABLE_DEBUG_INFO = YES;
				ONLY_ACTIVE_ARCH = YES;
				SDKROOT = macosx;
			};
			name = Debug;
		};
		5C0F211E1CAB23A500A01225 /* Release */ = {
			isa = XCBuildConfiguration;
			buildSettings = {
				ALWAYS_SEARCH_USER_PATHS = NO;
				CLANG_ANALYZER_NONNULL = YES;
				CLANG_CXX_LANGUAGE_STANDARD = "gnu++0x";
				CLANG_CXX_LIBRARY = "libc++";
				CLANG_ENABLE_MODULES = YES;
				CLANG_ENABLE_OBJC_ARC = YES;
				CLANG_WARN_BOOL_CONVERSION = YES;
				CLANG_WARN_CONSTANT_CONVERSION = YES;
				CLANG_WARN_DIRECT_OBJC_ISA_USAGE = YES_ERROR;
				CLANG_WARN_EMPTY_BODY = YES;
				CLANG_WARN_ENUM_CONVERSION = YES;
				CLANG_WARN_INT_CONVERSION = YES;
				CLANG_WARN_OBJC_ROOT_CLASS = YES_ERROR;
				CLANG_WARN_UNREACHABLE_CODE = YES;
				CLANG_WARN__DUPLICATE_METHOD_MATCH = YES;
				CODE_SIGN_IDENTITY = "-";
				COPY_PHASE_STRIP = NO;
				DEBUG_INFORMATION_FORMAT = "dwarf-with-dsym";
				ENABLE_NS_ASSERTIONS = NO;
				ENABLE_STRICT_OBJC_MSGSEND = YES;
				GCC_C_LANGUAGE_STANDARD = gnu99;
				GCC_NO_COMMON_BLOCKS = YES;
				GCC_WARN_64_TO_32_BIT_CONVERSION = YES;
				GCC_WARN_ABOUT_RETURN_TYPE = YES_ERROR;
				GCC_WARN_UNDECLARED_SELECTOR = YES;
				GCC_WARN_UNINITIALIZED_AUTOS = YES_AGGRESSIVE;
				GCC_WARN_UNUSED_FUNCTION = YES;
				GCC_WARN_UNUSED_VARIABLE = YES;
				MACOSX_DEPLOYMENT_TARGET = 10.11;
				MTL_ENABLE_DEBUG_INFO = NO;
				SDKROOT = macosx;
			};
			name = Release;
		};
		5C0F21201CAB23A500A01225 /* Debug */ = {
			isa = XCBuildConfiguration;
			buildSettings = {
				HEADER_SEARCH_PATHS = "$(PROJECT_DIR)/../../../../usr/include";
				LD_RUNPATH_SEARCH_PATHS = "$(PROJECT_DIR)/../../../../usr/lib";
				LIBRARY_SEARCH_PATHS = "$(PROJECT_DIR)/../../../../usr/lib";
				OTHER_LDFLAGS = (
					"-lparc",
					"-llongbow",
					"-llongbow-textplain",
				);
				PRODUCT_NAME = "$(TARGET_NAME)";
			};
			name = Debug;
		};
		5C0F21211CAB23A500A01225 /* Release */ = {
			isa = XCBuildConfiguration;
			buildSettings = {
				HEADER_SEARCH_PATHS = "$(PROJECT_DIR)/../../../../usr/include";
				LD_RUNPATH_SEARCH_PATHS = "$(PROJECT_DIR)/../../../../usr/lib";
				LIBRARY_SEARCH_PATHS = "$(PROJECT_DIR)/../../../../usr/lib";
				OTHER_LDFLAGS = (
					"-lparc",
					"-llongbow",
					"-llongbow-textplain",
				);
				PRODUCT_NAME = "$(TARGET_NAME)";
			};
			name = Release;
		};
/* End XCBuildConfiguration section */

/* Begin XCConfigurationList section */
		5C0F21131CAB23A400A01225 /* Build configuration list for PBXProject "How To Extend a PARCObject" */ = {
			isa = XCConfigurationList;
			buildConfigurations = (
				5C0F211D1CAB23A500A01225 /* Debug */,
				5C0F211E1CAB23A500A01225 /* Release */,
			);
			defaultConfigurationIsVisible = 0;
			defaultConfigurationName = Release;
		};
		5C0F211F1CAB23A500A01225 /* Build configuration list for PBXNativeTarget "How To Extend a PARCObject" */ = {
			isa = XCConfigurationList;
			buildConfigurations = (
				5C0F21201CAB23A500A01225 /* Debug */,
				5C0F21211CAB23A500A01225 /* Release */,
			);
			defaultConfigurationIsVisible = 0;
			defaultConfigurationName = Release;
		};
/* End XCConfigurationList section */
	};
	rootObject = 5C0F21101CAB23A400A01225 /* Project object */;
}
